{
  "nodes": {
    "home-manager": {
      "inputs": {
        "nixpkgs": [
          "nixpkgs"
        ]
      },
      "locked": {
        "lastModified": 1741452498,
        "narHash": "sha256-duYZg6LhxUT89DTplbXutihtrdDEyV5Jfa9GZSFo6TU=",
        "owner": "nix-community",
        "repo": "home-manager",
        "rev": "c040d1c556476d9b82c7f3f1a0ce0906fcdf7108",
        "type": "github"
      },
      "original": {
        "owner": "nix-community",
        "ref": "master",
        "repo": "home-manager",
        "type": "github"
      }
    },
    "nixpkgs": {
      "locked": {
        "lastModified": 1741246872,
        "narHash": "sha256-Q6pMP4a9ed636qilcYX8XUguvKl/0/LGXhHcRI91p0U=",
        "owner": "nixos",
        "repo": "nixpkgs",
        "rev": "10069ef4cf863633f57238f179a0297de84bd8d3",
        "type": "github"
      },
      "original": {
        "owner": "nixos",
        "ref": "nixos-unstable",
        "repo": "nixpkgs",
        "type": "github"
      }
    },
    "plasma-manager": {
      "inputs": {
        "home-manager": [
          "home-manager"
        ],
        "nixpkgs": [
          "nixpkgs"
        ]
      },
      "locked": {
        "lastModified": 1740569341,
        "narHash": "sha256-WV8nY2IOfWdzBF5syVgCcgOchg/qQtpYh6LECYS9XkY=",
        "owner": "nix-community",
        "repo": "plasma-manager",
        "rev": "5eeb0172fb74392053b66a8149e61b5e191b2845",
        "type": "github"
      },
      "original": {
        "owner": "nix-community",
        "repo": "plasma-manager",
        "type": "github"
      }
    },
    "portainer-on-nixos": {
      "inputs": {
        "nixpkgs": [
          "nixpkgs"
        ]
      },
      "locked": {
        "lastModified": 1728952614,
        "narHash": "sha256-ZihGhhRXvZFDSEzIegTjvH3VAecicKkOR+tJWJFc4Es=",
        "owner": "cbleslie",
        "repo": "portainer-on-nixos",
        "rev": "166a3b32492cca267ba29147c4654115a6c6bf28",
        "type": "gitlab"
      },
      "original": {
        "owner": "cbleslie",
        "repo": "portainer-on-nixos",
        "type": "gitlab"
      }
    },
    "root": {
      "inputs": {
        "home-manager": "home-manager",
        "nixpkgs": "nixpkgs",
        "plasma-manager": "plasma-manager",
        "portainer-on-nixos": "portainer-on-nixos"
      }
    }
  },
  "root": "root",
  "version": 7
}
