{
  "nodes": {
    "home-manager": {
      "inputs": {
        "nixpkgs": [
          "nixpkgs"
        ]
      },
      "locked": {
        "lastModified": 1744735751,
        "narHash": "sha256-OPpfgL3qUIbQdbmp1/ZwnlsuTLooHN4or0EABnZTFRY=",
        "owner": "nix-community",
        "repo": "home-manager",
        "rev": "db7738e67a101ad945abbcb447e1310147afaf1b",
        "type": "github"
      },
      "original": {
        "owner": "nix-community",
        "ref": "master",
        "repo": "home-manager",
        "type": "github"
      }
    },
    "nixpkgs": {
      "locked": {
        "lastModified": 1744463964,
        "narHash": "sha256-LWqduOgLHCFxiTNYi3Uj5Lgz0SR+Xhw3kr/3Xd0GPTM=",
        "owner": "nixos",
        "repo": "nixpkgs",
        "rev": "2631b0b7abcea6e640ce31cd78ea58910d31e650",
        "type": "github"
      },
      "original": {
        "owner": "nixos",
        "ref": "nixos-unstable",
        "repo": "nixpkgs",
        "type": "github"
      }
    },
    "plasma-manager": {
      "inputs": {
        "home-manager": [
          "home-manager"
        ],
        "nixpkgs": [
          "nixpkgs"
        ]
      },
      "locked": {
        "lastModified": 1742765550,
        "narHash": "sha256-2vVIh2JrL6GAGfgCeY9e6iNKrBjs0Hw3bGQEAbwVs68=",
        "owner": "nix-community",
        "repo": "plasma-manager",
        "rev": "b70be387276e632fe51232887f9e04e2b6ef8c16",
        "type": "github"
      },
      "original": {
        "owner": "nix-community",
        "repo": "plasma-manager",
        "type": "github"
      }
    },
    "portainer-on-nixos": {
      "inputs": {
        "nixpkgs": [
          "nixpkgs"
        ]
      },
      "locked": {
        "lastModified": 1744390409,
        "narHash": "sha256-C+Kw42DaTa6y2/4LDXWMMCK2/qOpEPLs6lpEg+zypWc=",
        "owner": "cbleslie",
        "repo": "portainer-on-nixos",
        "rev": "8737cb91f32d6861165c84b22a5a98b198fa49b5",
        "type": "gitlab"
      },
      "original": {
        "owner": "cbleslie",
        "repo": "portainer-on-nixos",
        "type": "gitlab"
      }
    },
    "root": {
      "inputs": {
        "home-manager": "home-manager",
        "nixpkgs": "nixpkgs",
        "plasma-manager": "plasma-manager",
        "portainer-on-nixos": "portainer-on-nixos"
      }
    }
  },
  "root": "root",
  "version": 7
}
